schema: '2.0'
stages:
  download-aact-db-dump:
    cmd: stages/01_download_aact_db_dump.sh
    deps:
    - path: stages/01_download_aact_db_dump.sh
      hash: md5
      md5: 4ff6fba24e6f1f500e3edbebfce0b71d
      size: 469
    outs:
    - path: download/aact/db-dump
      hash: md5
      md5: 9f3ae0fc46ba1ba022c77098217bf37c.dir
      size: 1831128430
      nfiles: 1
